
Microsoft Visual Studio Solution File, Format Version 12.00
# Visual Studio Version 16
VisualStudioVersion = 16.0.29613.14
MinimumVisualStudioVersion = 10.0.40219.1
Project("{FAE04EC0-301F-11D3-BF4B-00C04F79EFBC}") = "MonkeyFestAustralia2020.UWP", "MonkeyFestAustralia2020\MonkeyFestAustralia2020.UWP\MonkeyFestAustralia2020.UWP.csproj", "{27905481-C7B5-4995-8FF9-524F440AA356}"
EndProject
Project("{FAE04EC0-301F-11D3-BF4B-00C04F79EFBC}") = "MonkeyFestAustralia2020.Android", "MonkeyFestAustralia2020\MonkeyFestAustralia2020.Android\MonkeyFestAustralia2020.Android.csproj", "{42AAAEB9-5CF1-4F81-8CB8-2B0B9B28D208}"
EndProject
Project("{FAE04EC0-301F-11D3-BF4B-00C04F79EFBC}") = "MonkeyFestAustralia2020.iOS", "MonkeyFestAustralia2020\MonkeyFestAustralia2020.iOS\MonkeyFestAustralia2020.iOS.csproj", "{5FD41144-AC41-40C6-98E9-FAF1302A5DC1}"
EndProject
Project("{FAE04EC0-301F-11D3-BF4B-00C04F79EFBC}") = "MonkeyFestAustralia2020", "MonkeyFestAustralia2020\MonkeyFestAustralia2020\MonkeyFestAustralia2020.csproj", "{608D0EC7-E78F-4DA5-B92A-678DAD91C1C3}"
EndProject
Global
	GlobalSection(SolutionConfigurationPlatforms) = preSolution
		Debug|Any CPU = Debug|Any CPU
		Debug|ARM = Debug|ARM
		Debug|iPhone = Debug|iPhone
		Debug|iPhoneSimulator = Debug|iPhoneSimulator
		Debug|x64 = Debug|x64
		Debug|x86 = Debug|x86
		Release|Any CPU = Release|Any CPU
		Release|ARM = Release|ARM
		Release|iPhone = Release|iPhone
		Release|iPhoneSimulator = Release|iPhoneSimulator
		Release|x64 = Release|x64
		Release|x86 = Release|x86
	EndGlobalSection
	GlobalSection(ProjectConfigurationPlatforms) = postSolution
		{27905481-C7B5-4995-8FF9-524F440AA356}.Debug|Any CPU.ActiveCfg = Debug|x86
		{27905481-C7B5-4995-8FF9-524F440AA356}.Debug|Any CPU.Build.0 = Debug|x86
		{27905481-C7B5-4995-8FF9-524F440AA356}.Debug|Any CPU.Deploy.0 = Debug|x86
		{27905481-C7B5-4995-8FF9-524F440AA356}.Debug|ARM.ActiveCfg = Debug|ARM
		{27905481-C7B5-4995-8FF9-524F440AA356}.Debug|ARM.Build.0 = Debug|ARM
		{27905481-C7B5-4995-8FF9-524F440AA356}.Debug|ARM.Deploy.0 = Debug|ARM
		{27905481-C7B5-4995-8FF9-524F440AA356}.Debug|iPhone.ActiveCfg = Debug|x86
		{27905481-C7B5-4995-8FF9-524F440AA356}.Debug|iPhone.Build.0 = Debug|x86
		{27905481-C7B5-4995-8FF9-524F440AA356}.Debug|iPhone.Deploy.0 = Debug|x86
		{27905481-C7B5-4995-8FF9-524F440AA356}.Debug|iPhoneSimulator.ActiveCfg = Debug|x86
		{27905481-C7B5-4995-8FF9-524F440AA356}.Debug|iPhoneSimulator.Build.0 = Debug|x86
		{27905481-C7B5-4995-8FF9-524F440AA356}.Debug|iPhoneSimulator.Deploy.0 = Debug|x86
		{27905481-C7B5-4995-8FF9-524F440AA356}.Debug|x64.ActiveCfg = Debug|x64
		{27905481-C7B5-4995-8FF9-524F440AA356}.Debug|x64.Build.0 = Debug|x64
		{27905481-C7B5-4995-8FF9-524F440AA356}.Debug|x64.Deploy.0 = Debug|x64
		{27905481-C7B5-4995-8FF9-524F440AA356}.Debug|x86.ActiveCfg = Debug|x86
		{27905481-C7B5-4995-8FF9-524F440AA356}.Debug|x86.Build.0 = Debug|x86
		{27905481-C7B5-4995-8FF9-524F440AA356}.Debug|x86.Deploy.0 = Debug|x86
		{27905481-C7B5-4995-8FF9-524F440AA356}.Release|Any CPU.ActiveCfg = Release|x86
		{27905481-C7B5-4995-8FF9-524F440AA356}.Release|Any CPU.Build.0 = Release|x86
		{27905481-C7B5-4995-8FF9-524F440AA356}.Release|Any CPU.Deploy.0 = Release|x86
		{27905481-C7B5-4995-8FF9-524F440AA356}.Release|ARM.ActiveCfg = Release|ARM
		{27905481-C7B5-4995-8FF9-524F440AA356}.Release|ARM.Build.0 = Release|ARM
		{27905481-C7B5-4995-8FF9-524F440AA356}.Release|ARM.Deploy.0 = Release|ARM
		{27905481-C7B5-4995-8FF9-524F440AA356}.Release|iPhone.ActiveCfg = Release|x86
		{27905481-C7B5-4995-8FF9-524F440AA356}.Release|iPhone.Build.0 = Release|x86
		{27905481-C7B5-4995-8FF9-524F440AA356}.Release|iPhone.Deploy.0 = Release|x86
		{27905481-C7B5-4995-8FF9-524F440AA356}.Release|iPhoneSimulator.ActiveCfg = Release|x86
		{27905481-C7B5-4995-8FF9-524F440AA356}.Release|iPhoneSimulator.Build.0 = Release|x86
		{27905481-C7B5-4995-8FF9-524F440AA356}.Release|iPhoneSimulator.Deploy.0 = Release|x86
		{27905481-C7B5-4995-8FF9-524F440AA356}.Release|x64.ActiveCfg = Release|x64
		{27905481-C7B5-4995-8FF9-524F440AA356}.Release|x64.Build.0 = Release|x64
		{27905481-C7B5-4995-8FF9-524F440AA356}.Release|x64.Deploy.0 = Release|x64
		{27905481-C7B5-4995-8FF9-524F440AA356}.Release|x86.ActiveCfg = Release|x86
		{27905481-C7B5-4995-8FF9-524F440AA356}.Release|x86.Build.0 = Release|x86
		{27905481-C7B5-4995-8FF9-524F440AA356}.Release|x86.Deploy.0 = Release|x86
		{42AAAEB9-5CF1-4F81-8CB8-2B0B9B28D208}.Debug|Any CPU.ActiveCfg = Debug|Any CPU
		{42AAAEB9-5CF1-4F81-8CB8-2B0B9B28D208}.Debug|Any CPU.Build.0 = Debug|Any CPU
		{42AAAEB9-5CF1-4F81-8CB8-2B0B9B28D208}.Debug|Any CPU.Deploy.0 = Debug|Any CPU
		{42AAAEB9-5CF1-4F81-8CB8-2B0B9B28D208}.Debug|ARM.ActiveCfg = Debug|Any CPU
		{42AAAEB9-5CF1-4F81-8CB8-2B0B9B28D208}.Debug|ARM.Build.0 = Debug|Any CPU
		{42AAAEB9-5CF1-4F81-8CB8-2B0B9B28D208}.Debug|ARM.Deploy.0 = Debug|Any CPU
		{42AAAEB9-5CF1-4F81-8CB8-2B0B9B28D208}.Debug|iPhone.ActiveCfg = Debug|Any CPU
		{42AAAEB9-5CF1-4F81-8CB8-2B0B9B28D208}.Debug|iPhone.Build.0 = Debug|Any CPU
		{42AAAEB9-5CF1-4F81-8CB8-2B0B9B28D208}.Debug|iPhone.Deploy.0 = Debug|Any CPU
		{42AAAEB9-5CF1-4F81-8CB8-2B0B9B28D208}.Debug|iPhoneSimulator.ActiveCfg = Debug|Any CPU
		{42AAAEB9-5CF1-4F81-8CB8-2B0B9B28D208}.Debug|iPhoneSimulator.Build.0 = Debug|Any CPU
		{42AAAEB9-5CF1-4F81-8CB8-2B0B9B28D208}.Debug|iPhoneSimulator.Deploy.0 = Debug|Any CPU
		{42AAAEB9-5CF1-4F81-8CB8-2B0B9B28D208}.Debug|x64.ActiveCfg = Debug|Any CPU
		{42AAAEB9-5CF1-4F81-8CB8-2B0B9B28D208}.Debug|x64.Build.0 = Debug|Any CPU
		{42AAAEB9-5CF1-4F81-8CB8-2B0B9B28D208}.Debug|x64.Deploy.0 = Debug|Any CPU
		{42AAAEB9-5CF1-4F81-8CB8-2B0B9B28D208}.Debug|x86.ActiveCfg = Debug|Any CPU
		{42AAAEB9-5CF1-4F81-8CB8-2B0B9B28D208}.Debug|x86.Build.0 = Debug|Any CPU
		{42AAAEB9-5CF1-4F81-8CB8-2B0B9B28D208}.Debug|x86.Deploy.0 = Debug|Any CPU
		{42AAAEB9-5CF1-4F81-8CB8-2B0B9B28D208}.Release|Any CPU.ActiveCfg = Release|Any CPU
		{42AAAEB9-5CF1-4F81-8CB8-2B0B9B28D208}.Release|Any CPU.Build.0 = Release|Any CPU
		{42AAAEB9-5CF1-4F81-8CB8-2B0B9B28D208}.Release|Any CPU.Deploy.0 = Release|Any CPU
		{42AAAEB9-5CF1-4F81-8CB8-2B0B9B28D208}.Release|ARM.ActiveCfg = Release|Any CPU
		{42AAAEB9-5CF1-4F81-8CB8-2B0B9B28D208}.Release|ARM.Build.0 = Release|Any CPU
		{42AAAEB9-5CF1-4F81-8CB8-2B0B9B28D208}.Release|ARM.Deploy.0 = Release|Any CPU
		{42AAAEB9-5CF1-4F81-8CB8-2B0B9B28D208}.Release|iPhone.ActiveCfg = Release|Any CPU
		{42AAAEB9-5CF1-4F81-8CB8-2B0B9B28D208}.Release|iPhone.Build.0 = Release|Any CPU
		{42AAAEB9-5CF1-4F81-8CB8-2B0B9B28D208}.Release|iPhone.Deploy.0 = Release|Any CPU
		{42AAAEB9-5CF1-4F81-8CB8-2B0B9B28D208}.Release|iPhoneSimulator.ActiveCfg = Release|Any CPU
		{42AAAEB9-5CF1-4F81-8CB8-2B0B9B28D208}.Release|iPhoneSimulator.Build.0 = Release|Any CPU
		{42AAAEB9-5CF1-4F81-8CB8-2B0B9B28D208}.Release|iPhoneSimulator.Deploy.0 = Release|Any CPU
		{42AAAEB9-5CF1-4F81-8CB8-2B0B9B28D208}.Release|x64.ActiveCfg = Release|Any CPU
		{42AAAEB9-5CF1-4F81-8CB8-2B0B9B28D208}.Release|x64.Build.0 = Release|Any CPU
		{42AAAEB9-5CF1-4F81-8CB8-2B0B9B28D208}.Release|x64.Deploy.0 = Release|Any CPU
		{42AAAEB9-5CF1-4F81-8CB8-2B0B9B28D208}.Release|x86.ActiveCfg = Release|Any CPU
		{42AAAEB9-5CF1-4F81-8CB8-2B0B9B28D208}.Release|x86.Build.0 = Release|Any CPU
		{42AAAEB9-5CF1-4F81-8CB8-2B0B9B28D208}.Release|x86.Deploy.0 = Release|Any CPU
		{5FD41144-AC41-40C6-98E9-FAF1302A5DC1}.Debug|Any CPU.ActiveCfg = Debug|iPhone
		{5FD41144-AC41-40C6-98E9-FAF1302A5DC1}.Debug|Any CPU.Build.0 = Debug|iPhone
		{5FD41144-AC41-40C6-98E9-FAF1302A5DC1}.Debug|Any CPU.Deploy.0 = Debug|iPhone
		{5FD41144-AC41-40C6-98E9-FAF1302A5DC1}.Debug|ARM.ActiveCfg = Debug|iPhoneSimulator
		{5FD41144-AC41-40C6-98E9-FAF1302A5DC1}.Debug|ARM.Build.0 = Debug|iPhoneSimulator
		{5FD41144-AC41-40C6-98E9-FAF1302A5DC1}.Debug|ARM.Deploy.0 = Debug|iPhoneSimulator
		{5FD41144-AC41-40C6-98E9-FAF1302A5DC1}.Debug|iPhone.ActiveCfg = Debug|iPhone
		{5FD41144-AC41-40C6-98E9-FAF1302A5DC1}.Debug|iPhone.Build.0 = Debug|iPhone
		{5FD41144-AC41-40C6-98E9-FAF1302A5DC1}.Debug|iPhone.Deploy.0 = Debug|iPhone
		{5FD41144-AC41-40C6-98E9-FAF1302A5DC1}.Debug|iPhoneSimulator.ActiveCfg = Debug|iPhoneSimulator
		{5FD41144-AC41-40C6-98E9-FAF1302A5DC1}.Debug|iPhoneSimulator.Build.0 = Debug|iPhoneSimulator
		{5FD41144-AC41-40C6-98E9-FAF1302A5DC1}.Debug|iPhoneSimulator.Deploy.0 = Debug|iPhoneSimulator
		{5FD41144-AC41-40C6-98E9-FAF1302A5DC1}.Debug|x64.ActiveCfg = Debug|iPhone
		{5FD41144-AC41-40C6-98E9-FAF1302A5DC1}.Debug|x64.Build.0 = Debug|iPhone
		{5FD41144-AC41-40C6-98E9-FAF1302A5DC1}.Debug|x64.Deploy.0 = Debug|iPhone
		{5FD41144-AC41-40C6-98E9-FAF1302A5DC1}.Debug|x86.ActiveCfg = Debug|iPhone
		{5FD41144-AC41-40C6-98E9-FAF1302A5DC1}.Debug|x86.Build.0 = Debug|iPhone
		{5FD41144-AC41-40C6-98E9-FAF1302A5DC1}.Debug|x86.Deploy.0 = Debug|iPhone
		{5FD41144-AC41-40C6-98E9-FAF1302A5DC1}.Release|Any CPU.ActiveCfg = Release|iPhone
		{5FD41144-AC41-40C6-98E9-FAF1302A5DC1}.Release|Any CPU.Build.0 = Release|iPhone
		{5FD41144-AC41-40C6-98E9-FAF1302A5DC1}.Release|Any CPU.Deploy.0 = Release|iPhone
		{5FD41144-AC41-40C6-98E9-FAF1302A5DC1}.Release|ARM.ActiveCfg = Release|iPhone
		{5FD41144-AC41-40C6-98E9-FAF1302A5DC1}.Release|ARM.Build.0 = Release|iPhone
		{5FD41144-AC41-40C6-98E9-FAF1302A5DC1}.Release|ARM.Deploy.0 = Release|iPhone
		{5FD41144-AC41-40C6-98E9-FAF1302A5DC1}.Release|iPhone.ActiveCfg = Release|iPhone
		{5FD41144-AC41-40C6-98E9-FAF1302A5DC1}.Release|iPhone.Build.0 = Release|iPhone
		{5FD41144-AC41-40C6-98E9-FAF1302A5DC1}.Release|iPhone.Deploy.0 = Release|iPhone
		{5FD41144-AC41-40C6-98E9-FAF1302A5DC1}.Release|iPhoneSimulator.ActiveCfg = Release|iPhoneSimulator
		{5FD41144-AC41-40C6-98E9-FAF1302A5DC1}.Release|iPhoneSimulator.Build.0 = Release|iPhoneSimulator
		{5FD41144-AC41-40C6-98E9-FAF1302A5DC1}.Release|iPhoneSimulator.Deploy.0 = Release|iPhoneSimulator
		{5FD41144-AC41-40C6-98E9-FAF1302A5DC1}.Release|x64.ActiveCfg = Release|iPhone
		{5FD41144-AC41-40C6-98E9-FAF1302A5DC1}.Release|x64.Build.0 = Release|iPhone
		{5FD41144-AC41-40C6-98E9-FAF1302A5DC1}.Release|x64.Deploy.0 = Release|iPhone
		{5FD41144-AC41-40C6-98E9-FAF1302A5DC1}.Release|x86.ActiveCfg = Release|iPhone
		{5FD41144-AC41-40C6-98E9-FAF1302A5DC1}.Release|x86.Build.0 = Release|iPhone
		{5FD41144-AC41-40C6-98E9-FAF1302A5DC1}.Release|x86.Deploy.0 = Release|iPhone
		{608D0EC7-E78F-4DA5-B92A-678DAD91C1C3}.Debug|Any CPU.ActiveCfg = Debug|Any CPU
		{608D0EC7-E78F-4DA5-B92A-678DAD91C1C3}.Debug|Any CPU.Build.0 = Debug|Any CPU
		{608D0EC7-E78F-4DA5-B92A-678DAD91C1C3}.Debug|Any CPU.Deploy.0 = Debug|Any CPU
		{608D0EC7-E78F-4DA5-B92A-678DAD91C1C3}.Debug|ARM.ActiveCfg = Debug|Any CPU
		{608D0EC7-E78F-4DA5-B92A-678DAD91C1C3}.Debug|ARM.Build.0 = Debug|Any CPU
		{608D0EC7-E78F-4DA5-B92A-678DAD91C1C3}.Debug|ARM.Deploy.0 = Debug|Any CPU
		{608D0EC7-E78F-4DA5-B92A-678DAD91C1C3}.Debug|iPhone.ActiveCfg = Debug|Any CPU
		{608D0EC7-E78F-4DA5-B92A-678DAD91C1C3}.Debug|iPhone.Build.0 = Debug|Any CPU
		{608D0EC7-E78F-4DA5-B92A-678DAD91C1C3}.Debug|iPhone.Deploy.0 = Debug|Any CPU
		{608D0EC7-E78F-4DA5-B92A-678DAD91C1C3}.Debug|iPhoneSimulator.ActiveCfg = Debug|Any CPU
		{608D0EC7-E78F-4DA5-B92A-678DAD91C1C3}.Debug|iPhoneSimulator.Build.0 = Debug|Any CPU
		{608D0EC7-E78F-4DA5-B92A-678DAD91C1C3}.Debug|iPhoneSimulator.Deploy.0 = Debug|Any CPU
		{608D0EC7-E78F-4DA5-B92A-678DAD91C1C3}.Debug|x64.ActiveCfg = Debug|Any CPU
		{608D0EC7-E78F-4DA5-B92A-678DAD91C1C3}.Debug|x64.Build.0 = Debug|Any CPU
		{608D0EC7-E78F-4DA5-B92A-678DAD91C1C3}.Debug|x64.Deploy.0 = Debug|Any CPU
		{608D0EC7-E78F-4DA5-B92A-678DAD91C1C3}.Debug|x86.ActiveCfg = Debug|Any CPU
		{608D0EC7-E78F-4DA5-B92A-678DAD91C1C3}.Debug|x86.Build.0 = Debug|Any CPU
		{608D0EC7-E78F-4DA5-B92A-678DAD91C1C3}.Debug|x86.Deploy.0 = Debug|Any CPU
		{608D0EC7-E78F-4DA5-B92A-678DAD91C1C3}.Release|Any CPU.ActiveCfg = Release|Any CPU
		{608D0EC7-E78F-4DA5-B92A-678DAD91C1C3}.Release|Any CPU.Build.0 = Release|Any CPU
		{608D0EC7-E78F-4DA5-B92A-678DAD91C1C3}.Release|Any CPU.Deploy.0 = Release|Any CPU
		{608D0EC7-E78F-4DA5-B92A-678DAD91C1C3}.Release|ARM.ActiveCfg = Release|Any CPU
		{608D0EC7-E78F-4DA5-B92A-678DAD91C1C3}.Release|ARM.Build.0 = Release|Any CPU
		{608D0EC7-E78F-4DA5-B92A-678DAD91C1C3}.Release|ARM.Deploy.0 = Release|Any CPU
		{608D0EC7-E78F-4DA5-B92A-678DAD91C1C3}.Release|iPhone.ActiveCfg = Release|Any CPU
		{608D0EC7-E78F-4DA5-B92A-678DAD91C1C3}.Release|iPhone.Build.0 = Release|Any CPU
		{608D0EC7-E78F-4DA5-B92A-678DAD91C1C3}.Release|iPhone.Deploy.0 = Release|Any CPU
		{608D0EC7-E78F-4DA5-B92A-678DAD91C1C3}.Release|iPhoneSimulator.ActiveCfg = Release|Any CPU
		{608D0EC7-E78F-4DA5-B92A-678DAD91C1C3}.Release|iPhoneSimulator.Build.0 = Release|Any CPU
		{608D0EC7-E78F-4DA5-B92A-678DAD91C1C3}.Release|iPhoneSimulator.Deploy.0 = Release|Any CPU
		{608D0EC7-E78F-4DA5-B92A-678DAD91C1C3}.Release|x64.ActiveCfg = Release|Any CPU
		{608D0EC7-E78F-4DA5-B92A-678DAD91C1C3}.Release|x64.Build.0 = Release|Any CPU
		{608D0EC7-E78F-4DA5-B92A-678DAD91C1C3}.Release|x64.Deploy.0 = Release|Any CPU
		{608D0EC7-E78F-4DA5-B92A-678DAD91C1C3}.Release|x86.ActiveCfg = Release|Any CPU
		{608D0EC7-E78F-4DA5-B92A-678DAD91C1C3}.Release|x86.Build.0 = Release|Any CPU
		{608D0EC7-E78F-4DA5-B92A-678DAD91C1C3}.Release|x86.Deploy.0 = Release|Any CPU
	EndGlobalSection
	GlobalSection(SolutionProperties) = preSolution
		HideSolutionNode = FALSE
	EndGlobalSection
	GlobalSection(ExtensibilityGlobals) = postSolution
		SolutionGuid = {F2C2793D-232D-48CB-8EE9-A73988176B08}
	EndGlobalSection
EndGlobal
